
Microsoft Visual Studio Solution File, Format Version 12.00
# Visual Studio Version 16
VisualStudioVersion = 16.0.30611.23
MinimumVisualStudioVersion = 10.0.40219.1
Project("{FAE04EC0-301F-11D3-BF4B-00C04F79EFBC}") = "SalesCompany", "SalesCompany\SalesCompany.csproj", "{28FEFBD7-24C5-429A-8FE9-F103E6000FBC}"
EndProject
Global
	GlobalSection(SolutionConfigurationPlatforms) = preSolution
		Debug|Any CPU = Debug|Any CPU
		Release|Any CPU = Release|Any CPU
	EndGlobalSection
	GlobalSection(ProjectConfigurationPlatforms) = postSolution
		{28FEFBD7-24C5-429A-8FE9-F103E6000FBC}.Debug|Any CPU.ActiveCfg = Debug|Any CPU
		{28FEFBD7-24C5-429A-8FE9-F103E6000FBC}.Debug|Any CPU.Build.0 = Debug|Any CPU
		{28FEFBD7-24C5-429A-8FE9-F103E6000FBC}.Release|Any CPU.ActiveCfg = Release|Any CPU
		{28FEFBD7-24C5-429A-8FE9-F103E6000FBC}.Release|Any CPU.Build.0 = Release|Any CPU
	EndGlobalSection
	GlobalSection(SolutionProperties) = preSolution
		HideSolutionNode = FALSE
	EndGlobalSection
	GlobalSection(ExtensibilityGlobals) = postSolution
		SolutionGuid = {A193D529-D7B9-4CA9-BE7A-55B67C503876}
	EndGlobalSection
EndGlobal
